// !$*UTF8*$!
{
	archiveVersion = 1;
	classes = {
	};
	objectVersion = 55;
	objects = {

/* Begin PBXBuildFile section */
		A727D4CE27730314007C9708 /* AppDelegate.swift in Sources */ = {isa = PBXBuildFile; fileRef = A727D4CD27730314007C9708 /* AppDelegate.swift */; };
		A727D4D027730314007C9708 /* SceneDelegate.swift in Sources */ = {isa = PBXBuildFile; fileRef = A727D4CF27730314007C9708 /* SceneDelegate.swift */; };
		A727D4D227730314007C9708 /* ViewController.swift in Sources */ = {isa = PBXBuildFile; fileRef = A727D4D127730314007C9708 /* ViewController.swift */; };
		A727D4D727730316007C9708 /* Assets.xcassets in Resources */ = {isa = PBXBuildFile; fileRef = A727D4D627730316007C9708 /* Assets.xcassets */; };
		A727D4DA27730316007C9708 /* LaunchScreen.storyboard in Resources */ = {isa = PBXBuildFile; fileRef = A727D4D827730316007C9708 /* LaunchScreen.storyboard */; };
		A727D4E527730316007C9708 /* UnitTestDismissTutorialTests.swift in Sources */ = {isa = PBXBuildFile; fileRef = A727D4E427730316007C9708 /* UnitTestDismissTutorialTests.swift */; };
		A727D4EF27730316007C9708 /* UnitTestDismissTutorialUITests.swift in Sources */ = {isa = PBXBuildFile; fileRef = A727D4EE27730316007C9708 /* UnitTestDismissTutorialUITests.swift */; };
		A727D4F127730316007C9708 /* UnitTestDismissTutorialUITestsLaunchTests.swift in Sources */ = {isa = PBXBuildFile; fileRef = A727D4F027730316007C9708 /* UnitTestDismissTutorialUITestsLaunchTests.swift */; };
		A727D4FE27730329007C9708 /* LogManager.swift in Sources */ = {isa = PBXBuildFile; fileRef = A727D4FD27730329007C9708 /* LogManager.swift */; };
		A727D500277303B3007C9708 /* DetailsViewController.swift in Sources */ = {isa = PBXBuildFile; fileRef = A727D4FF277303B3007C9708 /* DetailsViewController.swift */; };
		A727D5022773078B007C9708 /* DetailsViewControllerFactory.swift in Sources */ = {isa = PBXBuildFile; fileRef = A727D5012773078B007C9708 /* DetailsViewControllerFactory.swift */; };
/* End PBXBuildFile section */

/* Begin PBXContainerItemProxy section */
		A727D4E127730316007C9708 /* PBXContainerItemProxy */ = {
			isa = PBXContainerItemProxy;
			containerPortal = A727D4C227730314007C9708 /* Project object */;
			proxyType = 1;
			remoteGlobalIDString = A727D4C927730314007C9708;
			remoteInfo = UnitTestDismissTutorial;
		};
		A727D4EB27730316007C9708 /* PBXContainerItemProxy */ = {
			isa = PBXContainerItemProxy;
			containerPortal = A727D4C227730314007C9708 /* Project object */;
			proxyType = 1;
			remoteGlobalIDString = A727D4C927730314007C9708;
			remoteInfo = UnitTestDismissTutorial;
		};
/* End PBXContainerItemProxy section */

/* Begin PBXFileReference section */
		A727D4CA27730314007C9708 /* UnitTestDismissTutorial.app */ = {isa = PBXFileReference; explicitFileType = wrapper.application; includeInIndex = 0; path = UnitTestDismissTutorial.app; sourceTree = BUILT_PRODUCTS_DIR; };
		A727D4CD27730314007C9708 /* AppDelegate.swift */ = {isa = PBXFileReference; lastKnownFileType = sourcecode.swift; path = AppDelegate.swift; sourceTree = "<group>"; };
		A727D4CF27730314007C9708 /* SceneDelegate.swift */ = {isa = PBXFileReference; lastKnownFileType = sourcecode.swift; path = SceneDelegate.swift; sourceTree = "<group>"; };
		A727D4D127730314007C9708 /* ViewController.swift */ = {isa = PBXFileReference; lastKnownFileType = sourcecode.swift; path = ViewController.swift; sourceTree = "<group>"; };
		A727D4D627730316007C9708 /* Assets.xcassets */ = {isa = PBXFileReference; lastKnownFileType = folder.assetcatalog; path = Assets.xcassets; sourceTree = "<group>"; };
		A727D4D927730316007C9708 /* Base */ = {isa = PBXFileReference; lastKnownFileType = file.storyboard; name = Base; path = Base.lproj/LaunchScreen.storyboard; sourceTree = "<group>"; };
		A727D4DB27730316007C9708 /* Info.plist */ = {isa = PBXFileReference; lastKnownFileType = text.plist.xml; path = Info.plist; sourceTree = "<group>"; };
		A727D4E027730316007C9708 /* UnitTestDismissTutorialTests.xctest */ = {isa = PBXFileReference; explicitFileType = wrapper.cfbundle; includeInIndex = 0; path = UnitTestDismissTutorialTests.xctest; sourceTree = BUILT_PRODUCTS_DIR; };
		A727D4E427730316007C9708 /* UnitTestDismissTutorialTests.swift */ = {isa = PBXFileReference; lastKnownFileType = sourcecode.swift; path = UnitTestDismissTutorialTests.swift; sourceTree = "<group>"; };
		A727D4EA27730316007C9708 /* UnitTestDismissTutorialUITests.xctest */ = {isa = PBXFileReference; explicitFileType = wrapper.cfbundle; includeInIndex = 0; path = UnitTestDismissTutorialUITests.xctest; sourceTree = BUILT_PRODUCTS_DIR; };
		A727D4EE27730316007C9708 /* UnitTestDismissTutorialUITests.swift */ = {isa = PBXFileReference; lastKnownFileType = sourcecode.swift; path = UnitTestDismissTutorialUITests.swift; sourceTree = "<group>"; };
		A727D4F027730316007C9708 /* UnitTestDismissTutorialUITestsLaunchTests.swift */ = {isa = PBXFileReference; lastKnownFileType = sourcecode.swift; path = UnitTestDismissTutorialUITestsLaunchTests.swift; sourceTree = "<group>"; };
		A727D4FD27730329007C9708 /* LogManager.swift */ = {isa = PBXFileReference; lastKnownFileType = sourcecode.swift; path = LogManager.swift; sourceTree = "<group>"; };
		A727D4FF277303B3007C9708 /* DetailsViewController.swift */ = {isa = PBXFileReference; lastKnownFileType = sourcecode.swift; path = DetailsViewController.swift; sourceTree = "<group>"; };
		A727D5012773078B007C9708 /* DetailsViewControllerFactory.swift */ = {isa = PBXFileReference; lastKnownFileType = sourcecode.swift; path = DetailsViewControllerFactory.swift; sourceTree = "<group>"; };
/* End PBXFileReference section */

/* Begin PBXFrameworksBuildPhase section */
		A727D4C727730314007C9708 /* Frameworks */ = {
			isa = PBXFrameworksBuildPhase;
			buildActionMask = 2147483647;
			files = (
			);
			runOnlyForDeploymentPostprocessing = 0;
		};
		A727D4DD27730316007C9708 /* Frameworks */ = {
			isa = PBXFrameworksBuildPhase;
			buildActionMask = 2147483647;
			files = (
			);
			runOnlyForDeploymentPostprocessing = 0;
		};
		A727D4E727730316007C9708 /* Frameworks */ = {
			isa = PBXFrameworksBuildPhase;
			buildActionMask = 2147483647;
			files = (
			);
			runOnlyForDeploymentPostprocessing = 0;
		};
/* End PBXFrameworksBuildPhase section */

/* Begin PBXGroup section */
		A727D4C127730314007C9708 = {
			isa = PBXGroup;
			children = (
				A727D4CC27730314007C9708 /* UnitTestDismissTutorial */,
				A727D4E327730316007C9708 /* UnitTestDismissTutorialTests */,
				A727D4ED27730316007C9708 /* UnitTestDismissTutorialUITests */,
				A727D4CB27730314007C9708 /* Products */,
			);
			sourceTree = "<group>";
		};
		A727D4CB27730314007C9708 /* Products */ = {
			isa = PBXGroup;
			children = (
				A727D4CA27730314007C9708 /* UnitTestDismissTutorial.app */,
				A727D4E027730316007C9708 /* UnitTestDismissTutorialTests.xctest */,
				A727D4EA27730316007C9708 /* UnitTestDismissTutorialUITests.xctest */,
			);
			name = Products;
			sourceTree = "<group>";
		};
		A727D4CC27730314007C9708 /* UnitTestDismissTutorial */ = {
			isa = PBXGroup;
			children = (
				A727D4CD27730314007C9708 /* AppDelegate.swift */,
				A727D4CF27730314007C9708 /* SceneDelegate.swift */,
				A727D4D127730314007C9708 /* ViewController.swift */,
				A727D4FD27730329007C9708 /* LogManager.swift */,
				A727D4D627730316007C9708 /* Assets.xcassets */,
				A727D4D827730316007C9708 /* LaunchScreen.storyboard */,
				A727D4DB27730316007C9708 /* Info.plist */,
				A727D4FF277303B3007C9708 /* DetailsViewController.swift */,
				A727D5012773078B007C9708 /* DetailsViewControllerFactory.swift */,
			);
			path = UnitTestDismissTutorial;
			sourceTree = "<group>";
		};
		A727D4E327730316007C9708 /* UnitTestDismissTutorialTests */ = {
			isa = PBXGroup;
			children = (
				A727D4E427730316007C9708 /* UnitTestDismissTutorialTests.swift */,
			);
			path = UnitTestDismissTutorialTests;
			sourceTree = "<group>";
		};
		A727D4ED27730316007C9708 /* UnitTestDismissTutorialUITests */ = {
			isa = PBXGroup;
			children = (
				A727D4EE27730316007C9708 /* UnitTestDismissTutorialUITests.swift */,
				A727D4F027730316007C9708 /* UnitTestDismissTutorialUITestsLaunchTests.swift */,
			);
			path = UnitTestDismissTutorialUITests;
			sourceTree = "<group>";
		};
/* End PBXGroup section */

/* Begin PBXNativeTarget section */
		A727D4C927730314007C9708 /* UnitTestDismissTutorial */ = {
			isa = PBXNativeTarget;
			buildConfigurationList = A727D4F427730316007C9708 /* Build configuration list for PBXNativeTarget "UnitTestDismissTutorial" */;
			buildPhases = (
				A727D4C627730314007C9708 /* Sources */,
				A727D4C727730314007C9708 /* Frameworks */,
				A727D4C827730314007C9708 /* Resources */,
			);
			buildRules = (
			);
			dependencies = (
			);
			name = UnitTestDismissTutorial;
			productName = UnitTestDismissTutorial;
			productReference = A727D4CA27730314007C9708 /* UnitTestDismissTutorial.app */;
			productType = "com.apple.product-type.application";
		};
		A727D4DF27730316007C9708 /* UnitTestDismissTutorialTests */ = {
			isa = PBXNativeTarget;
			buildConfigurationList = A727D4F727730316007C9708 /* Build configuration list for PBXNativeTarget "UnitTestDismissTutorialTests" */;
			buildPhases = (
				A727D4DC27730316007C9708 /* Sources */,
				A727D4DD27730316007C9708 /* Frameworks */,
				A727D4DE27730316007C9708 /* Resources */,
			);
			buildRules = (
			);
			dependencies = (
				A727D4E227730316007C9708 /* PBXTargetDependency */,
			);
			name = UnitTestDismissTutorialTests;
			productName = UnitTestDismissTutorialTests;
			productReference = A727D4E027730316007C9708 /* UnitTestDismissTutorialTests.xctest */;
			productType = "com.apple.product-type.bundle.unit-test";
		};
		A727D4E927730316007C9708 /* UnitTestDismissTutorialUITests */ = {
			isa = PBXNativeTarget;
			buildConfigurationList = A727D4FA27730316007C9708 /* Build configuration list for PBXNativeTarget "UnitTestDismissTutorialUITests" */;
			buildPhases = (
				A727D4E627730316007C9708 /* Sources */,
				A727D4E727730316007C9708 /* Frameworks */,
				A727D4E827730316007C9708 /* Resources */,
			);
			buildRules = (
			);
			dependencies = (
				A727D4EC27730316007C9708 /* PBXTargetDependency */,
			);
			name = UnitTestDismissTutorialUITests;
			productName = UnitTestDismissTutorialUITests;
			productReference = A727D4EA27730316007C9708 /* UnitTestDismissTutorialUITests.xctest */;
			productType = "com.apple.product-type.bundle.ui-testing";
		};
/* End PBXNativeTarget section */

/* Begin PBXProject section */
		A727D4C227730314007C9708 /* Project object */ = {
			isa = PBXProject;
			attributes = {
				BuildIndependentTargetsInParallel = 1;
				LastSwiftUpdateCheck = 1320;
				LastUpgradeCheck = 1320;
				TargetAttributes = {
					A727D4C927730314007C9708 = {
						CreatedOnToolsVersion = 13.2.1;
					};
					A727D4DF27730316007C9708 = {
						CreatedOnToolsVersion = 13.2.1;
						TestTargetID = A727D4C927730314007C9708;
					};
					A727D4E927730316007C9708 = {
						CreatedOnToolsVersion = 13.2.1;
						TestTargetID = A727D4C927730314007C9708;
					};
				};
			};
			buildConfigurationList = A727D4C527730314007C9708 /* Build configuration list for PBXProject "UnitTestDismissTutorial" */;
			compatibilityVersion = "Xcode 13.0";
			developmentRegion = en;
			hasScannedForEncodings = 0;
			knownRegions = (
				en,
				Base,
			);
			mainGroup = A727D4C127730314007C9708;
			productRefGroup = A727D4CB27730314007C9708 /* Products */;
			projectDirPath = "";
			projectRoot = "";
			targets = (
				A727D4C927730314007C9708 /* UnitTestDismissTutorial */,
				A727D4DF27730316007C9708 /* UnitTestDismissTutorialTests */,
				A727D4E927730316007C9708 /* UnitTestDismissTutorialUITests */,
			);
		};
/* End PBXProject section */

/* Begin PBXResourcesBuildPhase section */
		A727D4C827730314007C9708 /* Resources */ = {
			isa = PBXResourcesBuildPhase;
			buildActionMask = 2147483647;
			files = (
				A727D4DA27730316007C9708 /* LaunchScreen.storyboard in Resources */,
				A727D4D727730316007C9708 /* Assets.xcassets in Resources */,
			);
			runOnlyForDeploymentPostprocessing = 0;
		};
		A727D4DE27730316007C9708 /* Resources */ = {
			isa = PBXResourcesBuildPhase;
			buildActionMask = 2147483647;
			files = (
			);
			runOnlyForDeploymentPostprocessing = 0;
		};
		A727D4E827730316007C9708 /* Resources */ = {
			isa = PBXResourcesBuildPhase;
			buildActionMask = 2147483647;
			files = (
			);
			runOnlyForDeploymentPostprocessing = 0;
		};
/* End PBXResourcesBuildPhase section */

/* Begin PBXSourcesBuildPhase section */
		A727D4C627730314007C9708 /* Sources */ = {
			isa = PBXSourcesBuildPhase;
			buildActionMask = 2147483647;
			files = (
				A727D4D227730314007C9708 /* ViewController.swift in Sources */,
				A727D4FE27730329007C9708 /* LogManager.swift in Sources */,
				A727D5022773078B007C9708 /* DetailsViewControllerFactory.swift in Sources */,
				A727D4CE27730314007C9708 /* AppDelegate.swift in Sources */,
				A727D4D027730314007C9708 /* SceneDelegate.swift in Sources */,
				A727D500277303B3007C9708 /* DetailsViewController.swift in Sources */,
			);
			runOnlyForDeploymentPostprocessing = 0;
		};
		A727D4DC27730316007C9708 /* Sources */ = {
			isa = PBXSourcesBuildPhase;
			buildActionMask = 2147483647;
			files = (
				A727D4E527730316007C9708 /* UnitTestDismissTutorialTests.swift in Sources */,
			);
			runOnlyForDeploymentPostprocessing = 0;
		};
		A727D4E627730316007C9708 /* Sources */ = {
			isa = PBXSourcesBuildPhase;
			buildActionMask = 2147483647;
			files = (
				A727D4EF27730316007C9708 /* UnitTestDismissTutorialUITests.swift in Sources */,
				A727D4F127730316007C9708 /* UnitTestDismissTutorialUITestsLaunchTests.swift in Sources */,
			);
			runOnlyForDeploymentPostprocessing = 0;
		};
/* End PBXSourcesBuildPhase section */

/* Begin PBXTargetDependency section */
		A727D4E227730316007C9708 /* PBXTargetDependency */ = {
			isa = PBXTargetDependency;
			target = A727D4C927730314007C9708 /* UnitTestDismissTutorial */;
			targetProxy = A727D4E127730316007C9708 /* PBXContainerItemProxy */;
		};
		A727D4EC27730316007C9708 /* PBXTargetDependency */ = {
			isa = PBXTargetDependency;
			target = A727D4C927730314007C9708 /* UnitTestDismissTutorial */;
			targetProxy = A727D4EB27730316007C9708 /* PBXContainerItemProxy */;
		};
/* End PBXTargetDependency section */

/* Begin PBXVariantGroup section */
		A727D4D827730316007C9708 /* LaunchScreen.storyboard */ = {
			isa = PBXVariantGroup;
			children = (
				A727D4D927730316007C9708 /* Base */,
			);
			name = LaunchScreen.storyboard;
			sourceTree = "<group>";
		};
/* End PBXVariantGroup section */

/* Begin XCBuildConfiguration section */
		A727D4F227730316007C9708 /* Debug */ = {
			isa = XCBuildConfiguration;
			buildSettings = {
				ALWAYS_SEARCH_USER_PATHS = NO;
				CLANG_ANALYZER_NONNULL = YES;
				CLANG_ANALYZER_NUMBER_OBJECT_CONVERSION = YES_AGGRESSIVE;
				CLANG_CXX_LANGUAGE_STANDARD = "gnu++17";
				CLANG_CXX_LIBRARY = "libc++";
				CLANG_ENABLE_MODULES = YES;
				CLANG_ENABLE_OBJC_ARC = YES;
				CLANG_ENABLE_OBJC_WEAK = YES;
				CLANG_WARN_BLOCK_CAPTURE_AUTORELEASING = YES;
				CLANG_WARN_BOOL_CONVERSION = YES;
				CLANG_WARN_COMMA = YES;
				CLANG_WARN_CONSTANT_CONVERSION = YES;
				CLANG_WARN_DEPRECATED_OBJC_IMPLEMENTATIONS = YES;
				CLANG_WARN_DIRECT_OBJC_ISA_USAGE = YES_ERROR;
				CLANG_WARN_DOCUMENTATION_COMMENTS = YES;
				CLANG_WARN_EMPTY_BODY = YES;
				CLANG_WARN_ENUM_CONVERSION = YES;
				CLANG_WARN_INFINITE_RECURSION = YES;
				CLANG_WARN_INT_CONVERSION = YES;
				CLANG_WARN_NON_LITERAL_NULL_CONVERSION = YES;
				CLANG_WARN_OBJC_IMPLICIT_RETAIN_SELF = YES;
				CLANG_WARN_OBJC_LITERAL_CONVERSION = YES;
				CLANG_WARN_OBJC_ROOT_CLASS = YES_ERROR;
				CLANG_WARN_QUOTED_INCLUDE_IN_FRAMEWORK_HEADER = YES;
				CLANG_WARN_RANGE_LOOP_ANALYSIS = YES;
				CLANG_WARN_STRICT_PROTOTYPES = YES;
				CLANG_WARN_SUSPICIOUS_MOVE = YES;
				CLANG_WARN_UNGUARDED_AVAILABILITY = YES_AGGRESSIVE;
				CLANG_WARN_UNREACHABLE_CODE = YES;
				CLANG_WARN__DUPLICATE_METHOD_MATCH = YES;
				COPY_PHASE_STRIP = NO;
				DEBUG_INFORMATION_FORMAT = dwarf;
				ENABLE_STRICT_OBJC_MSGSEND = YES;
				ENABLE_TESTABILITY = YES;
				GCC_C_LANGUAGE_STANDARD = gnu11;
				GCC_DYNAMIC_NO_PIC = NO;
				GCC_NO_COMMON_BLOCKS = YES;
				GCC_OPTIMIZATION_LEVEL = 0;
				GCC_PREPROCESSOR_DEFINITIONS = (
					"DEBUG=1",
					"$(inherited)",
				);
				GCC_WARN_64_TO_32_BIT_CONVERSION = YES;
				GCC_WARN_ABOUT_RETURN_TYPE = YES_ERROR;
				GCC_WARN_UNDECLARED_SELECTOR = YES;
				GCC_WARN_UNINITIALIZED_AUTOS = YES_AGGRESSIVE;
				GCC_WARN_UNUSED_FUNCTION = YES;
				GCC_WARN_UNUSED_VARIABLE = YES;
				IPHONEOS_DEPLOYMENT_TARGET = 15.2;
				MTL_ENABLE_DEBUG_INFO = INCLUDE_SOURCE;
				MTL_FAST_MATH = YES;
				ONLY_ACTIVE_ARCH = YES;
				SDKROOT = iphoneos;
				SWIFT_ACTIVE_COMPILATION_CONDITIONS = DEBUG;
				SWIFT_OPTIMIZATION_LEVEL = "-Onone";
			};
			name = Debug;
		};
		A727D4F327730316007C9708 /* Release */ = {
			isa = XCBuildConfiguration;
			buildSettings = {
				ALWAYS_SEARCH_USER_PATHS = NO;
				CLANG_ANALYZER_NONNULL = YES;
				CLANG_ANALYZER_NUMBER_OBJECT_CONVERSION = YES_AGGRESSIVE;
				CLANG_CXX_LANGUAGE_STANDARD = "gnu++17";
				CLANG_CXX_LIBRARY = "libc++";
				CLANG_ENABLE_MODULES = YES;
				CLANG_ENABLE_OBJC_ARC = YES;
				CLANG_ENABLE_OBJC_WEAK = YES;
				CLANG_WARN_BLOCK_CAPTURE_AUTORELEASING = YES;
				CLANG_WARN_BOOL_CONVERSION = YES;
				CLANG_WARN_COMMA = YES;
				CLANG_WARN_CONSTANT_CONVERSION = YES;
				CLANG_WARN_DEPRECATED_OBJC_IMPLEMENTATIONS = YES;
				CLANG_WARN_DIRECT_OBJC_ISA_USAGE = YES_ERROR;
				CLANG_WARN_DOCUMENTATION_COMMENTS = YES;
				CLANG_WARN_EMPTY_BODY = YES;
				CLANG_WARN_ENUM_CONVERSION = YES;
				CLANG_WARN_INFINITE_RECURSION = YES;
				CLANG_WARN_INT_CONVERSION = YES;
				CLANG_WARN_NON_LITERAL_NULL_CONVERSION = YES;
				CLANG_WARN_OBJC_IMPLICIT_RETAIN_SELF = YES;
				CLANG_WARN_OBJC_LITERAL_CONVERSION = YES;
				CLANG_WARN_OBJC_ROOT_CLASS = YES_ERROR;
				CLANG_WARN_QUOTED_INCLUDE_IN_FRAMEWORK_HEADER = YES;
				CLANG_WARN_RANGE_LOOP_ANALYSIS = YES;
				CLANG_WARN_STRICT_PROTOTYPES = YES;
				CLANG_WARN_SUSPICIOUS_MOVE = YES;
				CLANG_WARN_UNGUARDED_AVAILABILITY = YES_AGGRESSIVE;
				CLANG_WARN_UNREACHABLE_CODE = YES;
				CLANG_WARN__DUPLICATE_METHOD_MATCH = YES;
				COPY_PHASE_STRIP = NO;
				DEBUG_INFORMATION_FORMAT = "dwarf-with-dsym";
				ENABLE_NS_ASSERTIONS = NO;
				ENABLE_STRICT_OBJC_MSGSEND = YES;
				GCC_C_LANGUAGE_STANDARD = gnu11;
				GCC_NO_COMMON_BLOCKS = YES;
				GCC_WARN_64_TO_32_BIT_CONVERSION = YES;
				GCC_WARN_ABOUT_RETURN_TYPE = YES_ERROR;
				GCC_WARN_UNDECLARED_SELECTOR = YES;
				GCC_WARN_UNINITIALIZED_AUTOS = YES_AGGRESSIVE;
				GCC_WARN_UNUSED_FUNCTION = YES;
				GCC_WARN_UNUSED_VARIABLE = YES;
				IPHONEOS_DEPLOYMENT_TARGET = 15.2;
				MTL_ENABLE_DEBUG_INFO = NO;
				MTL_FAST_MATH = YES;
				SDKROOT = iphoneos;
				SWIFT_COMPILATION_MODE = wholemodule;
				SWIFT_OPTIMIZATION_LEVEL = "-O";
				VALIDATE_PRODUCT = YES;
			};
			name = Release;
		};
		A727D4F527730316007C9708 /* Debug */ = {
			isa = XCBuildConfiguration;
			buildSettings = {
				ASSETCATALOG_COMPILER_APPICON_NAME = AppIcon;
				ASSETCATALOG_COMPILER_GLOBAL_ACCENT_COLOR_NAME = AccentColor;
				CODE_SIGN_STYLE = Automatic;
				CURRENT_PROJECT_VERSION = 1;
				DEVELOPMENT_TEAM = VD39N72A69;
				GENERATE_INFOPLIST_FILE = YES;
				INFOPLIST_FILE = UnitTestDismissTutorial/Info.plist;
				INFOPLIST_KEY_UIApplicationSupportsIndirectInputEvents = YES;
				INFOPLIST_KEY_UILaunchStoryboardName = LaunchScreen;
				INFOPLIST_KEY_UISupportedInterfaceOrientations_iPad = "UIInterfaceOrientationPortrait UIInterfaceOrientationPortraitUpsideDown UIInterfaceOrientationLandscapeLeft UIInterfaceOrientationLandscapeRight";
				INFOPLIST_KEY_UISupportedInterfaceOrientations_iPhone = "UIInterfaceOrientationPortrait UIInterfaceOrientationLandscapeLeft UIInterfaceOrientationLandscapeRight";
				IPHONEOS_DEPLOYMENT_TARGET = 14.0;
				LD_RUNPATH_SEARCH_PATHS = (
					"$(inherited)",
					"@executable_path/Frameworks",
				);
				MARKETING_VERSION = 1.0;
				PRODUCT_BUNDLE_IDENTIFIER = com.leo.tests.UnitTestDismissTutorial;
				PRODUCT_NAME = "$(TARGET_NAME)";
				SWIFT_EMIT_LOC_STRINGS = YES;
				SWIFT_VERSION = 5.0;
				TARGETED_DEVICE_FAMILY = "1,2";
			};
			name = Debug;
		};
		A727D4F627730316007C9708 /* Release */ = {
			isa = XCBuildConfiguration;
			buildSettings = {
				ASSETCATALOG_COMPILER_APPICON_NAME = AppIcon;
				ASSETCATALOG_COMPILER_GLOBAL_ACCENT_COLOR_NAME = AccentColor;
				CODE_SIGN_STYLE = Automatic;
				CURRENT_PROJECT_VERSION = 1;
				DEVELOPMENT_TEAM = VD39N72A69;
				GENERATE_INFOPLIST_FILE = YES;
				INFOPLIST_FILE = UnitTestDismissTutorial/Info.plist;
				INFOPLIST_KEY_UIApplicationSupportsIndirectInputEvents = YES;
				INFOPLIST_KEY_UILaunchStoryboardName = LaunchScreen;
				INFOPLIST_KEY_UISupportedInterfaceOrientations_iPad = "UIInterfaceOrientationPortrait UIInterfaceOrientationPortraitUpsideDown UIInterfaceOrientationLandscapeLeft UIInterfaceOrientationLandscapeRight";
				INFOPLIST_KEY_UISupportedInterfaceOrientations_iPhone = "UIInterfaceOrientationPortrait UIInterfaceOrientationLandscapeLeft UIInterfaceOrientationLandscapeRight";
				IPHONEOS_DEPLOYMENT_TARGET = 14.0;
				LD_RUNPATH_SEARCH_PATHS = (
					"$(inherited)",
					"@executable_path/Frameworks",
				);
				MARKETING_VERSION = 1.0;
				PRODUCT_BUNDLE_IDENTIFIER = com.leo.tests.UnitTestDismissTutorial;
				PRODUCT_NAME = "$(TARGET_NAME)";
				SWIFT_EMIT_LOC_STRINGS = YES;
				SWIFT_VERSION = 5.0;
				TARGETED_DEVICE_FAMILY = "1,2";
			};
			name = Release;
		};
		A727D4F827730316007C9708 /* Debug */ = {
			isa = XCBuildConfiguration;
			buildSettings = {
				ALWAYS_EMBED_SWIFT_STANDARD_LIBRARIES = YES;
				BUNDLE_LOADER = "$(TEST_HOST)";
				CODE_SIGN_STYLE = Automatic;
				CURRENT_PROJECT_VERSION = 1;
				DEVELOPMENT_TEAM = VD39N72A69;
				GENERATE_INFOPLIST_FILE = YES;
				IPHONEOS_DEPLOYMENT_TARGET = 14.0;
				MARKETING_VERSION = 1.0;
				PRODUCT_BUNDLE_IDENTIFIER = com.leo.tests.UnitTestDismissTutorialTests;
				PRODUCT_NAME = "$(TARGET_NAME)";
				SWIFT_EMIT_LOC_STRINGS = NO;
				SWIFT_VERSION = 5.0;
				TARGETED_DEVICE_FAMILY = "1,2";
				TEST_HOST = "$(BUILT_PRODUCTS_DIR)/UnitTestDismissTutorial.app/UnitTestDismissTutorial";
			};
			name = Debug;
		};
		A727D4F927730316007C9708 /* Release */ = {
			isa = XCBuildConfiguration;
			buildSettings = {
				ALWAYS_EMBED_SWIFT_STANDARD_LIBRARIES = YES;
				BUNDLE_LOADER = "$(TEST_HOST)";
				CODE_SIGN_STYLE = Automatic;
				CURRENT_PROJECT_VERSION = 1;
				DEVELOPMENT_TEAM = VD39N72A69;
				GENERATE_INFOPLIST_FILE = YES;
				IPHONEOS_DEPLOYMENT_TARGET = 14.0;
				MARKETING_VERSION = 1.0;
				PRODUCT_BUNDLE_IDENTIFIER = com.leo.tests.UnitTestDismissTutorialTests;
				PRODUCT_NAME = "$(TARGET_NAME)";
				SWIFT_EMIT_LOC_STRINGS = NO;
				SWIFT_VERSION = 5.0;
				TARGETED_DEVICE_FAMILY = "1,2";
				TEST_HOST = "$(BUILT_PRODUCTS_DIR)/UnitTestDismissTutorial.app/UnitTestDismissTutorial";
			};
			name = Release;
		};
		A727D4FB27730316007C9708 /* Debug */ = {
			isa = XCBuildConfiguration;
			buildSettings = {
				ALWAYS_EMBED_SWIFT_STANDARD_LIBRARIES = YES;
				CODE_SIGN_STYLE = Automatic;
				CURRENT_PROJECT_VERSION = 1;
				DEVELOPMENT_TEAM = VD39N72A69;
				GENERATE_INFOPLIST_FILE = YES;
				MARKETING_VERSION = 1.0;
				PRODUCT_BUNDLE_IDENTIFIER = com.leo.tests.UnitTestDismissTutorialUITests;
				PRODUCT_NAME = "$(TARGET_NAME)";
				SWIFT_EMIT_LOC_STRINGS = NO;
				SWIFT_VERSION = 5.0;
				TARGETED_DEVICE_FAMILY = "1,2";
				TEST_TARGET_NAME = UnitTestDismissTutorial;
			};
			name = Debug;
		};
		A727D4FC27730316007C9708 /* Release */ = {
			isa = XCBuildConfiguration;
			buildSettings = {
				ALWAYS_EMBED_SWIFT_STANDARD_LIBRARIES = YES;
				CODE_SIGN_STYLE = Automatic;
				CURRENT_PROJECT_VERSION = 1;
				DEVELOPMENT_TEAM = VD39N72A69;
				GENERATE_INFOPLIST_FILE = YES;
				MARKETING_VERSION = 1.0;
				PRODUCT_BUNDLE_IDENTIFIER = com.leo.tests.UnitTestDismissTutorialUITests;
				PRODUCT_NAME = "$(TARGET_NAME)";
				SWIFT_EMIT_LOC_STRINGS = NO;
				SWIFT_VERSION = 5.0;
				TARGETED_DEVICE_FAMILY = "1,2";
				TEST_TARGET_NAME = UnitTestDismissTutorial;
			};
			name = Release;
		};
/* End XCBuildConfiguration section */

/* Begin XCConfigurationList section */
		A727D4C527730314007C9708 /* Build configuration list for PBXProject "UnitTestDismissTutorial" */ = {
			isa = XCConfigurationList;
			buildConfigurations = (
				A727D4F227730316007C9708 /* Debug */,
				A727D4F327730316007C9708 /* Release */,
			);
			defaultConfigurationIsVisible = 0;
			defaultConfigurationName = Release;
		};
		A727D4F427730316007C9708 /* Build configuration list for PBXNativeTarget "UnitTestDismissTutorial" */ = {
			isa = XCConfigurationList;
			buildConfigurations = (
				A727D4F527730316007C9708 /* Debug */,
				A727D4F627730316007C9708 /* Release */,
			);
			defaultConfigurationIsVisible = 0;
			defaultConfigurationName = Release;
		};
		A727D4F727730316007C9708 /* Build configuration list for PBXNativeTarget "UnitTestDismissTutorialTests" */ = {
			isa = XCConfigurationList;
			buildConfigurations = (
				A727D4F827730316007C9708 /* Debug */,
				A727D4F927730316007C9708 /* Release */,
			);
			defaultConfigurationIsVisible = 0;
			defaultConfigurationName = Release;
		};
		A727D4FA27730316007C9708 /* Build configuration list for PBXNativeTarget "UnitTestDismissTutorialUITests" */ = {
			isa = XCConfigurationList;
			buildConfigurations = (
				A727D4FB27730316007C9708 /* Debug */,
				A727D4FC27730316007C9708 /* Release */,
			);
			defaultConfigurationIsVisible = 0;
			defaultConfigurationName = Release;
		};
/* End XCConfigurationList section */
	};
	rootObject = A727D4C227730314007C9708 /* Project object */;
}
